
Microsoft Visual Studio Solution File, Format Version 12.00
# Visual Studio Version 17
VisualStudioVersion = 17.7.34202.233
MinimumVisualStudioVersion = 10.0.40219.1
Project("{FAE04EC0-301F-11D3-BF4B-00C04F79EFBC}") = "TMUpdate", "TMUpdate.csproj", "{6B1F52BF-5646-4BB0-ACEB-114E02CD9C4C}"
EndProject
Global
	GlobalSection(SolutionConfigurationPlatforms) = preSolution
		Debug|Any CPU = Debug|Any CPU
		Release|Any CPU = Release|Any CPU
	EndGlobalSection
	GlobalSection(ProjectConfigurationPlatforms) = postSolution
		{6B1F52BF-5646-4BB0-ACEB-114E02CD9C4C}.Debug|Any CPU.ActiveCfg = Debug|Any CPU
		{6B1F52BF-5646-4BB0-ACEB-114E02CD9C4C}.Debug|Any CPU.Build.0 = Debug|Any CPU
		{6B1F52BF-5646-4BB0-ACEB-114E02CD9C4C}.Release|Any CPU.ActiveCfg = Release|Any CPU
		{6B1F52BF-5646-4BB0-ACEB-114E02CD9C4C}.Release|Any CPU.Build.0 = Release|Any CPU
	EndGlobalSection
	GlobalSection(SolutionProperties) = preSolution
		HideSolutionNode = FALSE
	EndGlobalSection
	GlobalSection(ExtensibilityGlobals) = postSolution
		SolutionGuid = {76D940BA-C251-4427-A736-26B80169DFCE}
	EndGlobalSection
EndGlobal
